
Microsoft Visual Studio Solution File, Format Version 12.00
# Visual Studio Version 17
VisualStudioVersion = 17.10.34804.81
MinimumVisualStudioVersion = 10.0.40219.1
Project("{9A19103F-16F7-4668-BE54-9A1E7A4F7556}") = "FallingSand", "FallingSand.csproj", "{AD56CB8B-D932-4EF3-A976-8BB61F23A52B}"
EndProject
Global
	GlobalSection(SolutionConfigurationPlatforms) = preSolution
		Debug|Any CPU = Debug|Any CPU
		Release|Any CPU = Release|Any CPU
	EndGlobalSection
	GlobalSection(ProjectConfigurationPlatforms) = postSolution
		{AD56CB8B-D932-4EF3-A976-8BB61F23A52B}.Debug|Any CPU.ActiveCfg = Debug|Any CPU
		{AD56CB8B-D932-4EF3-A976-8BB61F23A52B}.Debug|Any CPU.Build.0 = Debug|Any CPU
		{AD56CB8B-D932-4EF3-A976-8BB61F23A52B}.Release|Any CPU.ActiveCfg = Release|Any CPU
		{AD56CB8B-D932-4EF3-A976-8BB61F23A52B}.Release|Any CPU.Build.0 = Release|Any CPU
	EndGlobalSection
	GlobalSection(SolutionProperties) = preSolution
		HideSolutionNode = FALSE
	EndGlobalSection
	GlobalSection(ExtensibilityGlobals) = postSolution
		SolutionGuid = {A47E6873-8A06-4CEB-9B46-B37BA6DA7830}
	EndGlobalSection
EndGlobal
